{
  "object": {
    "pins": [
      {
        "package": "Bow",
        "repositoryURL": "https://github.com/bow-swift/bow.git",
        "state": {
          "branch": null,
          "revision": "a01901d6b88a9f35e7ba2ae8e7d0c4a628ab371a",
          "version": "0.8.0"
        }
      },
      {
        "package": "Guaka",
        "repositoryURL": "https://github.com/nsomar/Guaka.git",
        "state": {
          "branch": null,
          "revision": "6fb29b2378166a30d72120980e1c099c664598de",
          "version": "0.4.1"
        }
      },
      {
        "package": "RxSwift",
        "repositoryURL": "https://github.com/ReactiveX/RxSwift.git",
        "state": {
          "branch": null,
          "revision": "002d325b0bdee94e7882e1114af5ff4fe1e96afa",
          "version": "5.1.1"
        }
      },
      {
        "package": "StringScanner",
        "repositoryURL": "https://github.com/getGuaka/StringScanner.git",
        "state": {
          "branch": null,
          "revision": "de1685ad202cb586d626ed52d6de904dd34189f3",
          "version": "0.4.1"
        }
      },
      {
        "package": "SwiftCheck",
        "repositoryURL": "https://github.com/bow-swift/SwiftCheck.git",
        "state": {
          "branch": null,
          "revision": "748359f9a95edf94d0c4664102f104f56b1ff1fb",
          "version": "0.12.1"
        }
      }
    ]
  },
  "version": 1
}
